
Microsoft Visual Studio Solution File, Format Version 12.00
# Visual Studio Version 17
VisualStudioVersion = 17.3.32922.545
MinimumVisualStudioVersion = 10.0.40219.1
Project("{9A19103F-16F7-4668-BE54-9A1E7A4F7556}") = "Task6_1", "Task5_1\Task6_1.csproj", "{15825CDD-E11B-4216-9EB3-B6E58402E447}"
EndProject
Global
	GlobalSection(SolutionConfigurationPlatforms) = preSolution
		Debug|Any CPU = Debug|Any CPU
		Release|Any CPU = Release|Any CPU
	EndGlobalSection
	GlobalSection(ProjectConfigurationPlatforms) = postSolution
		{15825CDD-E11B-4216-9EB3-B6E58402E447}.Debug|Any CPU.ActiveCfg = Debug|Any CPU
		{15825CDD-E11B-4216-9EB3-B6E58402E447}.Debug|Any CPU.Build.0 = Debug|Any CPU
		{15825CDD-E11B-4216-9EB3-B6E58402E447}.Release|Any CPU.ActiveCfg = Release|Any CPU
		{15825CDD-E11B-4216-9EB3-B6E58402E447}.Release|Any CPU.Build.0 = Release|Any CPU
	EndGlobalSection
	GlobalSection(SolutionProperties) = preSolution
		HideSolutionNode = FALSE
	EndGlobalSection
	GlobalSection(ExtensibilityGlobals) = postSolution
		SolutionGuid = {4477E958-571B-48A8-96B1-D0AB6D79CB25}
	EndGlobalSection
EndGlobal
