
Microsoft Visual Studio Solution File, Format Version 12.00
# Visual Studio Version 17
VisualStudioVersion = 17.6.33801.468
MinimumVisualStudioVersion = 10.0.40219.1
Project("{FAE04EC0-301F-11D3-BF4B-00C04F79EFBC}") = "Task6_3", "Task6_3.csproj", "{2E8154A7-DCAF-49CD-98AF-E2B956029317}"
EndProject
Global
	GlobalSection(SolutionConfigurationPlatforms) = preSolution
		Debug|Any CPU = Debug|Any CPU
		Release|Any CPU = Release|Any CPU
	EndGlobalSection
	GlobalSection(ProjectConfigurationPlatforms) = postSolution
		{2E8154A7-DCAF-49CD-98AF-E2B956029317}.Debug|Any CPU.ActiveCfg = Debug|Any CPU
		{2E8154A7-DCAF-49CD-98AF-E2B956029317}.Debug|Any CPU.Build.0 = Debug|Any CPU
		{2E8154A7-DCAF-49CD-98AF-E2B956029317}.Release|Any CPU.ActiveCfg = Release|Any CPU
		{2E8154A7-DCAF-49CD-98AF-E2B956029317}.Release|Any CPU.Build.0 = Release|Any CPU
	EndGlobalSection
	GlobalSection(SolutionProperties) = preSolution
		HideSolutionNode = FALSE
	EndGlobalSection
	GlobalSection(ExtensibilityGlobals) = postSolution
		SolutionGuid = {101EE747-3055-4E1D-A6E9-89F121D10888}
	EndGlobalSection
EndGlobal
